
Microsoft Visual Studio Solution File, Format Version 12.00
# Visual Studio Version 17
VisualStudioVersion = 17.2.32505.173
MinimumVisualStudioVersion = 10.0.40219.1
Project("{9A19103F-16F7-4668-BE54-9A1E7A4F7556}") = "RaceCars_countN_win", "RaceCars_countN_win\RaceCars_countN_win.csproj", "{C79C128B-169E-4AE9-9D9F-9C2C74E36037}"
EndProject
Global
	GlobalSection(SolutionConfigurationPlatforms) = preSolution
		Debug|Any CPU = Debug|Any CPU
		Release|Any CPU = Release|Any CPU
	EndGlobalSection
	GlobalSection(ProjectConfigurationPlatforms) = postSolution
		{C79C128B-169E-4AE9-9D9F-9C2C74E36037}.Debug|Any CPU.ActiveCfg = Debug|Any CPU
		{C79C128B-169E-4AE9-9D9F-9C2C74E36037}.Debug|Any CPU.Build.0 = Debug|Any CPU
		{C79C128B-169E-4AE9-9D9F-9C2C74E36037}.Release|Any CPU.ActiveCfg = Release|Any CPU
		{C79C128B-169E-4AE9-9D9F-9C2C74E36037}.Release|Any CPU.Build.0 = Release|Any CPU
	EndGlobalSection
	GlobalSection(SolutionProperties) = preSolution
		HideSolutionNode = FALSE
	EndGlobalSection
	GlobalSection(ExtensibilityGlobals) = postSolution
		SolutionGuid = {151DC53A-C605-4327-BD63-36DBFC5FC31B}
	EndGlobalSection
EndGlobal
